
Microsoft Visual Studio Solution File, Format Version 12.00
# Visual Studio Version 17
VisualStudioVersion = 17.5.002.0
MinimumVisualStudioVersion = 10.0.40219.1
Project("{9A19103F-16F7-4668-BE54-9A1E7A4F7556}") = "BaekJoon", "BaekJoon.csproj", "{066EDDEE-EA24-4B8C-96B7-03B9829BF11B}"
EndProject
Global
	GlobalSection(SolutionConfigurationPlatforms) = preSolution
		Debug|Any CPU = Debug|Any CPU
		Release|Any CPU = Release|Any CPU
	EndGlobalSection
	GlobalSection(ProjectConfigurationPlatforms) = postSolution
		{066EDDEE-EA24-4B8C-96B7-03B9829BF11B}.Debug|Any CPU.ActiveCfg = Debug|Any CPU
		{066EDDEE-EA24-4B8C-96B7-03B9829BF11B}.Debug|Any CPU.Build.0 = Debug|Any CPU
		{066EDDEE-EA24-4B8C-96B7-03B9829BF11B}.Release|Any CPU.ActiveCfg = Release|Any CPU
		{066EDDEE-EA24-4B8C-96B7-03B9829BF11B}.Release|Any CPU.Build.0 = Release|Any CPU
	EndGlobalSection
	GlobalSection(SolutionProperties) = preSolution
		HideSolutionNode = FALSE
	EndGlobalSection
	GlobalSection(ExtensibilityGlobals) = postSolution
		SolutionGuid = {EC596D50-2A97-465A-98BD-A8BF4A0D7055}
	EndGlobalSection
EndGlobal
